<?xml version="1.0" encoding="UTF-8" standalone="yes" ?>
<CodeBlocks_project_file>
   <FileVersion major="1" minor="6" />
   <Project>
      <Option title="GazeboYarpPlugins" />
      <Option makefile_is_custom="1" />
      <Option compiler="gcc" />
      <Option virtualFolders="CMake Files\;CMake Files\..\;CMake Files\..\..\;CMake Files\..\..\build\;CMake Files\..\..\build\install\;CMake Files\..\..\build\install\lib\;CMake Files\..\..\build\install\lib\YARP\;CMake Files\..\..\build\install\share\;CMake Files\..\..\build\install\share\yarp\;CMake Files\..\..\build\install\share\yarp\cmake\;CMake Files\..\..\build\install\share\yarp\cmake\template\;CMake Files\..\..\..\;CMake Files\..\..\..\..\;CMake Files\..\..\..\..\..\;CMake Files\..\..\..\..\..\usr\;CMake Files\..\..\..\..\..\usr\lib\;CMake Files\..\..\..\..\..\usr\lib\x86_64-linux-gnu\;CMake Files\..\..\..\..\..\usr\lib\x86_64-linux-gnu\cmake\;CMake Files\..\..\..\..\..\usr\lib\x86_64-linux-gnu\cmake\gazebo\;CMake Files\..\..\..\..\..\usr\lib\x86_64-linux-gnu\cmake\sdformat\;CMake Files\cmake\;CMake Files\autogenerated\;" />
      <Build>
      <Target title="all">
         <Option working_dir="/home/cfang/walkman/external/GazeboYARPPlugins" />
         <Option type="4" />
         <MakeCommands>
            <Build command="/usr/bin/make -f &quot;/home/cfang/walkman/external/GazeboYARPPlugins/Makefile&quot;  VERBOSE=1 all" />
            <CompileFile command="/usr/bin/make -f &quot;/home/cfang/walkman/external/GazeboYARPPlugins/Makefile&quot;  VERBOSE=1 &quot;$file&quot;" />
            <Clean command="/usr/bin/make -f &quot;/home/cfang/walkman/external/GazeboYARPPlugins/Makefile&quot;  VERBOSE=1 clean" />
            <DistClean command="/usr/bin/make -f &quot;/home/cfang/walkman/external/GazeboYARPPlugins/Makefile&quot;  VERBOSE=1 clean" />
         </MakeCommands>
      </Target>
      <Target title="gazebo_yarp_camera">
         <Option output="/home/cfang/walkman/external/GazeboYARPPlugins/libgazebo_yarp_camera.so" prefix_auto="0" extension_auto="0" />
         <Option working_dir="/home/cfang/walkman/external/GazeboYARPPlugins" />
         <Option object_output="./" />
         <Option type="3" />
         <Option compiler="gcc" />
         <Compiler>
            <Add directory="/home/cfang/walkman/build/install/include" />
            <Add directory="/home/cfang/walkman/external/GazeboYARPPlugins/autogenerated" />
            <Add directory="/home/cfang/walkman/external/GazeboYARPPlugins/autogenerated/include" />
            <Add directory="/home/cfang/walkman/external/GazeboYARPPlugins/include/gazebo_yarp_plugins" />
            <Add directory="/usr/include/gazebo-3.2" />
            <Add directory="/usr/include/sdformat-2.2" />
            <Add directory="/usr/include/sdformat-2.3" />
         </Compiler>
         <MakeCommands>
            <Build command="/usr/bin/make -f &quot;/home/cfang/walkman/external/GazeboYARPPlugins/Makefile&quot;  VERBOSE=1 gazebo_yarp_camera" />
            <CompileFile command="/usr/bin/make -f &quot;/home/cfang/walkman/external/GazeboYARPPlugins/Makefile&quot;  VERBOSE=1 &quot;$file&quot;" />
            <Clean command="/usr/bin/make -f &quot;/home/cfang/walkman/external/GazeboYARPPlugins/Makefile&quot;  VERBOSE=1 clean" />
            <DistClean command="/usr/bin/make -f &quot;/home/cfang/walkman/external/GazeboYARPPlugins/Makefile&quot;  VERBOSE=1 clean" />
         </MakeCommands>
      </Target>
      <Target title="gazebo_yarp_camera/fast">
         <Option output="/home/cfang/walkman/external/GazeboYARPPlugins/libgazebo_yarp_camera.so" prefix_auto="0" extension_auto="0" />
         <Option working_dir="/home/cfang/walkman/external/GazeboYARPPlugins" />
         <Option object_output="./" />
         <Option type="3" />
         <Option compiler="gcc" />
         <Compiler>
            <Add directory="/home/cfang/walkman/build/install/include" />
            <Add directory="/home/cfang/walkman/external/GazeboYARPPlugins/autogenerated" />
            <Add directory="/home/cfang/walkman/external/GazeboYARPPlugins/autogenerated/include" />
            <Add directory="/home/cfang/walkman/external/GazeboYARPPlugins/include/gazebo_yarp_plugins" />
            <Add directory="/usr/include/gazebo-3.2" />
            <Add directory="/usr/include/sdformat-2.2" />
            <Add directory="/usr/include/sdformat-2.3" />
         </Compiler>
         <MakeCommands>
            <Build command="/usr/bin/make -f &quot;/home/cfang/walkman/external/GazeboYARPPlugins/Makefile&quot;  VERBOSE=1 gazebo_yarp_camera/fast" />
            <CompileFile command="/usr/bin/make -f &quot;/home/cfang/walkman/external/GazeboYARPPlugins/Makefile&quot;  VERBOSE=1 &quot;$file&quot;" />
            <Clean command="/usr/bin/make -f &quot;/home/cfang/walkman/external/GazeboYARPPlugins/Makefile&quot;  VERBOSE=1 clean" />
            <DistClean command="/usr/bin/make -f &quot;/home/cfang/walkman/external/GazeboYARPPlugins/Makefile&quot;  VERBOSE=1 clean" />
         </MakeCommands>
      </Target>
      <Target title="gazebo_yarp_clock">
         <Option output="/home/cfang/walkman/external/GazeboYARPPlugins/libgazebo_yarp_clock.so" prefix_auto="0" extension_auto="0" />
         <Option working_dir="/home/cfang/walkman/external/GazeboYARPPlugins" />
         <Option object_output="./" />
         <Option type="3" />
         <Option compiler="gcc" />
         <Compiler>
            <Add directory="/home/cfang/walkman/build/install/include" />
            <Add directory="/home/cfang/walkman/external/GazeboYARPPlugins/autogenerated" />
            <Add directory="/home/cfang/walkman/external/GazeboYARPPlugins/autogenerated/include" />
            <Add directory="/home/cfang/walkman/external/GazeboYARPPlugins/include/gazebo_yarp_plugins" />
            <Add directory="/usr/include/gazebo-3.2" />
            <Add directory="/usr/include/sdformat-2.2" />
            <Add directory="/usr/include/sdformat-2.3" />
         </Compiler>
         <MakeCommands>
            <Build command="/usr/bin/make -f &quot;/home/cfang/walkman/external/GazeboYARPPlugins/Makefile&quot;  VERBOSE=1 gazebo_yarp_clock" />
            <CompileFile command="/usr/bin/make -f &quot;/home/cfang/walkman/external/GazeboYARPPlugins/Makefile&quot;  VERBOSE=1 &quot;$file&quot;" />
            <Clean command="/usr/bin/make -f &quot;/home/cfang/walkman/external/GazeboYARPPlugins/Makefile&quot;  VERBOSE=1 clean" />
            <DistClean command="/usr/bin/make -f &quot;/home/cfang/walkman/external/GazeboYARPPlugins/Makefile&quot;  VERBOSE=1 clean" />
         </MakeCommands>
      </Target>
      <Target title="gazebo_yarp_clock/fast">
         <Option output="/home/cfang/walkman/external/GazeboYARPPlugins/libgazebo_yarp_clock.so" prefix_auto="0" extension_auto="0" />
         <Option working_dir="/home/cfang/walkman/external/GazeboYARPPlugins" />
         <Option object_output="./" />
         <Option type="3" />
         <Option compiler="gcc" />
         <Compiler>
            <Add directory="/home/cfang/walkman/build/install/include" />
            <Add directory="/home/cfang/walkman/external/GazeboYARPPlugins/autogenerated" />
            <Add directory="/home/cfang/walkman/external/GazeboYARPPlugins/autogenerated/include" />
            <Add directory="/home/cfang/walkman/external/GazeboYARPPlugins/include/gazebo_yarp_plugins" />
            <Add directory="/usr/include/gazebo-3.2" />
            <Add directory="/usr/include/sdformat-2.2" />
            <Add directory="/usr/include/sdformat-2.3" />
         </Compiler>
         <MakeCommands>
            <Build command="/usr/bin/make -f &quot;/home/cfang/walkman/external/GazeboYARPPlugins/Makefile&quot;  VERBOSE=1 gazebo_yarp_clock/fast" />
            <CompileFile command="/usr/bin/make -f &quot;/home/cfang/walkman/external/GazeboYARPPlugins/Makefile&quot;  VERBOSE=1 &quot;$file&quot;" />
            <Clean command="/usr/bin/make -f &quot;/home/cfang/walkman/external/GazeboYARPPlugins/Makefile&quot;  VERBOSE=1 clean" />
            <DistClean command="/usr/bin/make -f &quot;/home/cfang/walkman/external/GazeboYARPPlugins/Makefile&quot;  VERBOSE=1 clean" />
         </MakeCommands>
      </Target>
      <Target title="gazebo_yarp_controlboard">
         <Option output="/home/cfang/walkman/external/GazeboYARPPlugins/libgazebo_yarp_controlboard.so" prefix_auto="0" extension_auto="0" />
         <Option working_dir="/home/cfang/walkman/external/GazeboYARPPlugins" />
         <Option object_output="./" />
         <Option type="3" />
         <Option compiler="gcc" />
         <Compiler>
            <Add directory="/home/cfang/walkman/build/install/include" />
            <Add directory="/home/cfang/walkman/external/GazeboYARPPlugins/autogenerated" />
            <Add directory="/home/cfang/walkman/external/GazeboYARPPlugins/autogenerated/include" />
            <Add directory="/home/cfang/walkman/external/GazeboYARPPlugins/include/gazebo_yarp_plugins" />
            <Add directory="/usr/include/gazebo-3.2" />
            <Add directory="/usr/include/sdformat-2.2" />
            <Add directory="/usr/include/sdformat-2.3" />
         </Compiler>
         <MakeCommands>
            <Build command="/usr/bin/make -f &quot;/home/cfang/walkman/external/GazeboYARPPlugins/Makefile&quot;  VERBOSE=1 gazebo_yarp_controlboard" />
            <CompileFile command="/usr/bin/make -f &quot;/home/cfang/walkman/external/GazeboYARPPlugins/Makefile&quot;  VERBOSE=1 &quot;$file&quot;" />
            <Clean command="/usr/bin/make -f &quot;/home/cfang/walkman/external/GazeboYARPPlugins/Makefile&quot;  VERBOSE=1 clean" />
            <DistClean command="/usr/bin/make -f &quot;/home/cfang/walkman/external/GazeboYARPPlugins/Makefile&quot;  VERBOSE=1 clean" />
         </MakeCommands>
      </Target>
      <Target title="gazebo_yarp_controlboard/fast">
         <Option output="/home/cfang/walkman/external/GazeboYARPPlugins/libgazebo_yarp_controlboard.so" prefix_auto="0" extension_auto="0" />
         <Option working_dir="/home/cfang/walkman/external/GazeboYARPPlugins" />
         <Option object_output="./" />
         <Option type="3" />
         <Option compiler="gcc" />
         <Compiler>
            <Add directory="/home/cfang/walkman/build/install/include" />
            <Add directory="/home/cfang/walkman/external/GazeboYARPPlugins/autogenerated" />
            <Add directory="/home/cfang/walkman/external/GazeboYARPPlugins/autogenerated/include" />
            <Add directory="/home/cfang/walkman/external/GazeboYARPPlugins/include/gazebo_yarp_plugins" />
            <Add directory="/usr/include/gazebo-3.2" />
            <Add directory="/usr/include/sdformat-2.2" />
            <Add directory="/usr/include/sdformat-2.3" />
         </Compiler>
         <MakeCommands>
            <Build command="/usr/bin/make -f &quot;/home/cfang/walkman/external/GazeboYARPPlugins/Makefile&quot;  VERBOSE=1 gazebo_yarp_controlboard/fast" />
            <CompileFile command="/usr/bin/make -f &quot;/home/cfang/walkman/external/GazeboYARPPlugins/Makefile&quot;  VERBOSE=1 &quot;$file&quot;" />
            <Clean command="/usr/bin/make -f &quot;/home/cfang/walkman/external/GazeboYARPPlugins/Makefile&quot;  VERBOSE=1 clean" />
            <DistClean command="/usr/bin/make -f &quot;/home/cfang/walkman/external/GazeboYARPPlugins/Makefile&quot;  VERBOSE=1 clean" />
         </MakeCommands>
      </Target>
      <Target title="gazebo_yarp_externalwrench">
         <Option output="/home/cfang/walkman/external/GazeboYARPPlugins/libgazebo_yarp_externalwrench.so" prefix_auto="0" extension_auto="0" />
         <Option working_dir="/home/cfang/walkman/external/GazeboYARPPlugins" />
         <Option object_output="./" />
         <Option type="3" />
         <Option compiler="gcc" />
         <Compiler>
            <Add directory="/home/cfang/walkman/build/install/include" />
            <Add directory="/home/cfang/walkman/external/GazeboYARPPlugins/autogenerated" />
            <Add directory="/home/cfang/walkman/external/GazeboYARPPlugins/autogenerated/include" />
            <Add directory="/home/cfang/walkman/external/GazeboYARPPlugins/include/gazebo_yarp_plugins" />
            <Add directory="/usr/include/gazebo-3.2" />
            <Add directory="/usr/include/sdformat-2.2" />
            <Add directory="/usr/include/sdformat-2.3" />
         </Compiler>
         <MakeCommands>
            <Build command="/usr/bin/make -f &quot;/home/cfang/walkman/external/GazeboYARPPlugins/Makefile&quot;  VERBOSE=1 gazebo_yarp_externalwrench" />
            <CompileFile command="/usr/bin/make -f &quot;/home/cfang/walkman/external/GazeboYARPPlugins/Makefile&quot;  VERBOSE=1 &quot;$file&quot;" />
            <Clean command="/usr/bin/make -f &quot;/home/cfang/walkman/external/GazeboYARPPlugins/Makefile&quot;  VERBOSE=1 clean" />
            <DistClean command="/usr/bin/make -f &quot;/home/cfang/walkman/external/GazeboYARPPlugins/Makefile&quot;  VERBOSE=1 clean" />
         </MakeCommands>
      </Target>
      <Target title="gazebo_yarp_externalwrench/fast">
         <Option output="/home/cfang/walkman/external/GazeboYARPPlugins/libgazebo_yarp_externalwrench.so" prefix_auto="0" extension_auto="0" />
         <Option working_dir="/home/cfang/walkman/external/GazeboYARPPlugins" />
         <Option object_output="./" />
         <Option type="3" />
         <Option compiler="gcc" />
         <Compiler>
            <Add directory="/home/cfang/walkman/build/install/include" />
            <Add directory="/home/cfang/walkman/external/GazeboYARPPlugins/autogenerated" />
            <Add directory="/home/cfang/walkman/external/GazeboYARPPlugins/autogenerated/include" />
            <Add directory="/home/cfang/walkman/external/GazeboYARPPlugins/include/gazebo_yarp_plugins" />
            <Add directory="/usr/include/gazebo-3.2" />
            <Add directory="/usr/include/sdformat-2.2" />
            <Add directory="/usr/include/sdformat-2.3" />
         </Compiler>
         <MakeCommands>
            <Build command="/usr/bin/make -f &quot;/home/cfang/walkman/external/GazeboYARPPlugins/Makefile&quot;  VERBOSE=1 gazebo_yarp_externalwrench/fast" />
            <CompileFile command="/usr/bin/make -f &quot;/home/cfang/walkman/external/GazeboYARPPlugins/Makefile&quot;  VERBOSE=1 &quot;$file&quot;" />
            <Clean command="/usr/bin/make -f &quot;/home/cfang/walkman/external/GazeboYARPPlugins/Makefile&quot;  VERBOSE=1 clean" />
            <DistClean command="/usr/bin/make -f &quot;/home/cfang/walkman/external/GazeboYARPPlugins/Makefile&quot;  VERBOSE=1 clean" />
         </MakeCommands>
      </Target>
      <Target title="gazebo_yarp_forcetorque">
         <Option output="/home/cfang/walkman/external/GazeboYARPPlugins/libgazebo_yarp_forcetorque.so" prefix_auto="0" extension_auto="0" />
         <Option working_dir="/home/cfang/walkman/external/GazeboYARPPlugins" />
         <Option object_output="./" />
         <Option type="3" />
         <Option compiler="gcc" />
         <Compiler>
            <Add directory="/home/cfang/walkman/build/install/include" />
            <Add directory="/home/cfang/walkman/external/GazeboYARPPlugins/autogenerated" />
            <Add directory="/home/cfang/walkman/external/GazeboYARPPlugins/autogenerated/include" />
            <Add directory="/home/cfang/walkman/external/GazeboYARPPlugins/include/gazebo_yarp_plugins" />
            <Add directory="/usr/include/gazebo-3.2" />
            <Add directory="/usr/include/sdformat-2.2" />
            <Add directory="/usr/include/sdformat-2.3" />
         </Compiler>
         <MakeCommands>
            <Build command="/usr/bin/make -f &quot;/home/cfang/walkman/external/GazeboYARPPlugins/Makefile&quot;  VERBOSE=1 gazebo_yarp_forcetorque" />
            <CompileFile command="/usr/bin/make -f &quot;/home/cfang/walkman/external/GazeboYARPPlugins/Makefile&quot;  VERBOSE=1 &quot;$file&quot;" />
            <Clean command="/usr/bin/make -f &quot;/home/cfang/walkman/external/GazeboYARPPlugins/Makefile&quot;  VERBOSE=1 clean" />
            <DistClean command="/usr/bin/make -f &quot;/home/cfang/walkman/external/GazeboYARPPlugins/Makefile&quot;  VERBOSE=1 clean" />
         </MakeCommands>
      </Target>
      <Target title="gazebo_yarp_forcetorque/fast">
         <Option output="/home/cfang/walkman/external/GazeboYARPPlugins/libgazebo_yarp_forcetorque.so" prefix_auto="0" extension_auto="0" />
         <Option working_dir="/home/cfang/walkman/external/GazeboYARPPlugins" />
         <Option object_output="./" />
         <Option type="3" />
         <Option compiler="gcc" />
         <Compiler>
            <Add directory="/home/cfang/walkman/build/install/include" />
            <Add directory="/home/cfang/walkman/external/GazeboYARPPlugins/autogenerated" />
            <Add directory="/home/cfang/walkman/external/GazeboYARPPlugins/autogenerated/include" />
            <Add directory="/home/cfang/walkman/external/GazeboYARPPlugins/include/gazebo_yarp_plugins" />
            <Add directory="/usr/include/gazebo-3.2" />
            <Add directory="/usr/include/sdformat-2.2" />
            <Add directory="/usr/include/sdformat-2.3" />
         </Compiler>
         <MakeCommands>
            <Build command="/usr/bin/make -f &quot;/home/cfang/walkman/external/GazeboYARPPlugins/Makefile&quot;  VERBOSE=1 gazebo_yarp_forcetorque/fast" />
            <CompileFile command="/usr/bin/make -f &quot;/home/cfang/walkman/external/GazeboYARPPlugins/Makefile&quot;  VERBOSE=1 &quot;$file&quot;" />
            <Clean command="/usr/bin/make -f &quot;/home/cfang/walkman/external/GazeboYARPPlugins/Makefile&quot;  VERBOSE=1 clean" />
            <DistClean command="/usr/bin/make -f &quot;/home/cfang/walkman/external/GazeboYARPPlugins/Makefile&quot;  VERBOSE=1 clean" />
         </MakeCommands>
      </Target>
      <Target title="gazebo_yarp_imu">
         <Option output="/home/cfang/walkman/external/GazeboYARPPlugins/libgazebo_yarp_imu.so" prefix_auto="0" extension_auto="0" />
         <Option working_dir="/home/cfang/walkman/external/GazeboYARPPlugins" />
         <Option object_output="./" />
         <Option type="3" />
         <Option compiler="gcc" />
         <Compiler>
            <Add directory="/home/cfang/walkman/build/install/include" />
            <Add directory="/home/cfang/walkman/external/GazeboYARPPlugins/autogenerated" />
            <Add directory="/home/cfang/walkman/external/GazeboYARPPlugins/autogenerated/include" />
            <Add directory="/home/cfang/walkman/external/GazeboYARPPlugins/include/gazebo_yarp_plugins" />
            <Add directory="/usr/include/gazebo-3.2" />
            <Add directory="/usr/include/sdformat-2.2" />
            <Add directory="/usr/include/sdformat-2.3" />
         </Compiler>
         <MakeCommands>
            <Build command="/usr/bin/make -f &quot;/home/cfang/walkman/external/GazeboYARPPlugins/Makefile&quot;  VERBOSE=1 gazebo_yarp_imu" />
            <CompileFile command="/usr/bin/make -f &quot;/home/cfang/walkman/external/GazeboYARPPlugins/Makefile&quot;  VERBOSE=1 &quot;$file&quot;" />
            <Clean command="/usr/bin/make -f &quot;/home/cfang/walkman/external/GazeboYARPPlugins/Makefile&quot;  VERBOSE=1 clean" />
            <DistClean command="/usr/bin/make -f &quot;/home/cfang/walkman/external/GazeboYARPPlugins/Makefile&quot;  VERBOSE=1 clean" />
         </MakeCommands>
      </Target>
      <Target title="gazebo_yarp_imu/fast">
         <Option output="/home/cfang/walkman/external/GazeboYARPPlugins/libgazebo_yarp_imu.so" prefix_auto="0" extension_auto="0" />
         <Option working_dir="/home/cfang/walkman/external/GazeboYARPPlugins" />
         <Option object_output="./" />
         <Option type="3" />
         <Option compiler="gcc" />
         <Compiler>
            <Add directory="/home/cfang/walkman/build/install/include" />
            <Add directory="/home/cfang/walkman/external/GazeboYARPPlugins/autogenerated" />
            <Add directory="/home/cfang/walkman/external/GazeboYARPPlugins/autogenerated/include" />
            <Add directory="/home/cfang/walkman/external/GazeboYARPPlugins/include/gazebo_yarp_plugins" />
            <Add directory="/usr/include/gazebo-3.2" />
            <Add directory="/usr/include/sdformat-2.2" />
            <Add directory="/usr/include/sdformat-2.3" />
         </Compiler>
         <MakeCommands>
            <Build command="/usr/bin/make -f &quot;/home/cfang/walkman/external/GazeboYARPPlugins/Makefile&quot;  VERBOSE=1 gazebo_yarp_imu/fast" />
            <CompileFile command="/usr/bin/make -f &quot;/home/cfang/walkman/external/GazeboYARPPlugins/Makefile&quot;  VERBOSE=1 &quot;$file&quot;" />
            <Clean command="/usr/bin/make -f &quot;/home/cfang/walkman/external/GazeboYARPPlugins/Makefile&quot;  VERBOSE=1 clean" />
            <DistClean command="/usr/bin/make -f &quot;/home/cfang/walkman/external/GazeboYARPPlugins/Makefile&quot;  VERBOSE=1 clean" />
         </MakeCommands>
      </Target>
      <Target title="gazebo_yarp_jointsensors">
         <Option output="/home/cfang/walkman/external/GazeboYARPPlugins/libgazebo_yarp_jointsensors.so" prefix_auto="0" extension_auto="0" />
         <Option working_dir="/home/cfang/walkman/external/GazeboYARPPlugins" />
         <Option object_output="./" />
         <Option type="3" />
         <Option compiler="gcc" />
         <Compiler>
            <Add directory="/home/cfang/walkman/build/install/include" />
            <Add directory="/home/cfang/walkman/external/GazeboYARPPlugins/autogenerated" />
            <Add directory="/home/cfang/walkman/external/GazeboYARPPlugins/autogenerated/include" />
            <Add directory="/home/cfang/walkman/external/GazeboYARPPlugins/include/gazebo_yarp_plugins" />
            <Add directory="/usr/include/gazebo-3.2" />
            <Add directory="/usr/include/sdformat-2.2" />
            <Add directory="/usr/include/sdformat-2.3" />
         </Compiler>
         <MakeCommands>
            <Build command="/usr/bin/make -f &quot;/home/cfang/walkman/external/GazeboYARPPlugins/Makefile&quot;  VERBOSE=1 gazebo_yarp_jointsensors" />
            <CompileFile command="/usr/bin/make -f &quot;/home/cfang/walkman/external/GazeboYARPPlugins/Makefile&quot;  VERBOSE=1 &quot;$file&quot;" />
            <Clean command="/usr/bin/make -f &quot;/home/cfang/walkman/external/GazeboYARPPlugins/Makefile&quot;  VERBOSE=1 clean" />
            <DistClean command="/usr/bin/make -f &quot;/home/cfang/walkman/external/GazeboYARPPlugins/Makefile&quot;  VERBOSE=1 clean" />
         </MakeCommands>
      </Target>
      <Target title="gazebo_yarp_jointsensors/fast">
         <Option output="/home/cfang/walkman/external/GazeboYARPPlugins/libgazebo_yarp_jointsensors.so" prefix_auto="0" extension_auto="0" />
         <Option working_dir="/home/cfang/walkman/external/GazeboYARPPlugins" />
         <Option object_output="./" />
         <Option type="3" />
         <Option compiler="gcc" />
         <Compiler>
            <Add directory="/home/cfang/walkman/build/install/include" />
            <Add directory="/home/cfang/walkman/external/GazeboYARPPlugins/autogenerated" />
            <Add directory="/home/cfang/walkman/external/GazeboYARPPlugins/autogenerated/include" />
            <Add directory="/home/cfang/walkman/external/GazeboYARPPlugins/include/gazebo_yarp_plugins" />
            <Add directory="/usr/include/gazebo-3.2" />
            <Add directory="/usr/include/sdformat-2.2" />
            <Add directory="/usr/include/sdformat-2.3" />
         </Compiler>
         <MakeCommands>
            <Build command="/usr/bin/make -f &quot;/home/cfang/walkman/external/GazeboYARPPlugins/Makefile&quot;  VERBOSE=1 gazebo_yarp_jointsensors/fast" />
            <CompileFile command="/usr/bin/make -f &quot;/home/cfang/walkman/external/GazeboYARPPlugins/Makefile&quot;  VERBOSE=1 &quot;$file&quot;" />
            <Clean command="/usr/bin/make -f &quot;/home/cfang/walkman/external/GazeboYARPPlugins/Makefile&quot;  VERBOSE=1 clean" />
            <DistClean command="/usr/bin/make -f &quot;/home/cfang/walkman/external/GazeboYARPPlugins/Makefile&quot;  VERBOSE=1 clean" />
         </MakeCommands>
      </Target>
      <Target title="gazebo_yarp_objects">
         <Option output="/home/cfang/walkman/external/GazeboYARPPlugins/libgazebo_yarp_objects.so" prefix_auto="0" extension_auto="0" />
         <Option working_dir="/home/cfang/walkman/external/GazeboYARPPlugins" />
         <Option object_output="./" />
         <Option type="3" />
         <Option compiler="gcc" />
         <Compiler>
            <Add directory="/home/cfang/walkman/build/install/include" />
            <Add directory="/home/cfang/walkman/external/GazeboYARPPlugins/autogenerated" />
            <Add directory="/home/cfang/walkman/external/GazeboYARPPlugins/autogenerated/include" />
            <Add directory="/home/cfang/walkman/external/GazeboYARPPlugins/include/gazebo_yarp_plugins" />
            <Add directory="/usr/include/gazebo-3.2" />
            <Add directory="/usr/include/sdformat-2.2" />
            <Add directory="/usr/include/sdformat-2.3" />
         </Compiler>
         <MakeCommands>
            <Build command="/usr/bin/make -f &quot;/home/cfang/walkman/external/GazeboYARPPlugins/Makefile&quot;  VERBOSE=1 gazebo_yarp_objects" />
            <CompileFile command="/usr/bin/make -f &quot;/home/cfang/walkman/external/GazeboYARPPlugins/Makefile&quot;  VERBOSE=1 &quot;$file&quot;" />
            <Clean command="/usr/bin/make -f &quot;/home/cfang/walkman/external/GazeboYARPPlugins/Makefile&quot;  VERBOSE=1 clean" />
            <DistClean command="/usr/bin/make -f &quot;/home/cfang/walkman/external/GazeboYARPPlugins/Makefile&quot;  VERBOSE=1 clean" />
         </MakeCommands>
      </Target>
      <Target title="gazebo_yarp_objects/fast">
         <Option output="/home/cfang/walkman/external/GazeboYARPPlugins/libgazebo_yarp_objects.so" prefix_auto="0" extension_auto="0" />
         <Option working_dir="/home/cfang/walkman/external/GazeboYARPPlugins" />
         <Option object_output="./" />
         <Option type="3" />
         <Option compiler="gcc" />
         <Compiler>
            <Add directory="/home/cfang/walkman/build/install/include" />
            <Add directory="/home/cfang/walkman/external/GazeboYARPPlugins/autogenerated" />
            <Add directory="/home/cfang/walkman/external/GazeboYARPPlugins/autogenerated/include" />
            <Add directory="/home/cfang/walkman/external/GazeboYARPPlugins/include/gazebo_yarp_plugins" />
            <Add directory="/usr/include/gazebo-3.2" />
            <Add directory="/usr/include/sdformat-2.2" />
            <Add directory="/usr/include/sdformat-2.3" />
         </Compiler>
         <MakeCommands>
            <Build command="/usr/bin/make -f &quot;/home/cfang/walkman/external/GazeboYARPPlugins/Makefile&quot;  VERBOSE=1 gazebo_yarp_objects/fast" />
            <CompileFile command="/usr/bin/make -f &quot;/home/cfang/walkman/external/GazeboYARPPlugins/Makefile&quot;  VERBOSE=1 &quot;$file&quot;" />
            <Clean command="/usr/bin/make -f &quot;/home/cfang/walkman/external/GazeboYARPPlugins/Makefile&quot;  VERBOSE=1 clean" />
            <DistClean command="/usr/bin/make -f &quot;/home/cfang/walkman/external/GazeboYARPPlugins/Makefile&quot;  VERBOSE=1 clean" />
         </MakeCommands>
      </Target>
      <Target title="gazebo_yarp_singleton">
         <Option output="/home/cfang/walkman/external/GazeboYARPPlugins/libgazebo_yarp_singleton.so" prefix_auto="0" extension_auto="0" />
         <Option working_dir="/home/cfang/walkman/external/GazeboYARPPlugins" />
         <Option object_output="./" />
         <Option type="3" />
         <Option compiler="gcc" />
         <Compiler>
            <Add directory="/home/cfang/walkman/build/install/include" />
            <Add directory="/home/cfang/walkman/external/GazeboYARPPlugins/autogenerated" />
            <Add directory="/home/cfang/walkman/external/GazeboYARPPlugins/autogenerated/include" />
            <Add directory="/home/cfang/walkman/external/GazeboYARPPlugins/include/gazebo_yarp_plugins" />
            <Add directory="/usr/include/gazebo-3.2" />
            <Add directory="/usr/include/sdformat-2.2" />
            <Add directory="/usr/include/sdformat-2.3" />
         </Compiler>
         <MakeCommands>
            <Build command="/usr/bin/make -f &quot;/home/cfang/walkman/external/GazeboYARPPlugins/Makefile&quot;  VERBOSE=1 gazebo_yarp_singleton" />
            <CompileFile command="/usr/bin/make -f &quot;/home/cfang/walkman/external/GazeboYARPPlugins/Makefile&quot;  VERBOSE=1 &quot;$file&quot;" />
            <Clean command="/usr/bin/make -f &quot;/home/cfang/walkman/external/GazeboYARPPlugins/Makefile&quot;  VERBOSE=1 clean" />
            <DistClean command="/usr/bin/make -f &quot;/home/cfang/walkman/external/GazeboYARPPlugins/Makefile&quot;  VERBOSE=1 clean" />
         </MakeCommands>
      </Target>
      <Target title="gazebo_yarp_singleton/fast">
         <Option output="/home/cfang/walkman/external/GazeboYARPPlugins/libgazebo_yarp_singleton.so" prefix_auto="0" extension_auto="0" />
         <Option working_dir="/home/cfang/walkman/external/GazeboYARPPlugins" />
         <Option object_output="./" />
         <Option type="3" />
         <Option compiler="gcc" />
         <Compiler>
            <Add directory="/home/cfang/walkman/build/install/include" />
            <Add directory="/home/cfang/walkman/external/GazeboYARPPlugins/autogenerated" />
            <Add directory="/home/cfang/walkman/external/GazeboYARPPlugins/autogenerated/include" />
            <Add directory="/home/cfang/walkman/external/GazeboYARPPlugins/include/gazebo_yarp_plugins" />
            <Add directory="/usr/include/gazebo-3.2" />
            <Add directory="/usr/include/sdformat-2.2" />
            <Add directory="/usr/include/sdformat-2.3" />
         </Compiler>
         <MakeCommands>
            <Build command="/usr/bin/make -f &quot;/home/cfang/walkman/external/GazeboYARPPlugins/Makefile&quot;  VERBOSE=1 gazebo_yarp_singleton/fast" />
            <CompileFile command="/usr/bin/make -f &quot;/home/cfang/walkman/external/GazeboYARPPlugins/Makefile&quot;  VERBOSE=1 &quot;$file&quot;" />
            <Clean command="/usr/bin/make -f &quot;/home/cfang/walkman/external/GazeboYARPPlugins/Makefile&quot;  VERBOSE=1 clean" />
            <DistClean command="/usr/bin/make -f &quot;/home/cfang/walkman/external/GazeboYARPPlugins/Makefile&quot;  VERBOSE=1 clean" />
         </MakeCommands>
      </Target>
      <Target title="install">
         <Option working_dir="/home/cfang/walkman/external/GazeboYARPPlugins" />
         <Option type="4" />
         <MakeCommands>
            <Build command="/usr/bin/make -f &quot;/home/cfang/walkman/external/GazeboYARPPlugins/Makefile&quot;  VERBOSE=1 install" />
            <CompileFile command="/usr/bin/make -f &quot;/home/cfang/walkman/external/GazeboYARPPlugins/Makefile&quot;  VERBOSE=1 &quot;$file&quot;" />
            <Clean command="/usr/bin/make -f &quot;/home/cfang/walkman/external/GazeboYARPPlugins/Makefile&quot;  VERBOSE=1 clean" />
            <DistClean command="/usr/bin/make -f &quot;/home/cfang/walkman/external/GazeboYARPPlugins/Makefile&quot;  VERBOSE=1 clean" />
         </MakeCommands>
      </Target>
      <Target title="install/local">
         <Option working_dir="/home/cfang/walkman/external/GazeboYARPPlugins" />
         <Option type="4" />
         <MakeCommands>
            <Build command="/usr/bin/make -f &quot;/home/cfang/walkman/external/GazeboYARPPlugins/Makefile&quot;  VERBOSE=1 install/local" />
            <CompileFile command="/usr/bin/make -f &quot;/home/cfang/walkman/external/GazeboYARPPlugins/Makefile&quot;  VERBOSE=1 &quot;$file&quot;" />
            <Clean command="/usr/bin/make -f &quot;/home/cfang/walkman/external/GazeboYARPPlugins/Makefile&quot;  VERBOSE=1 clean" />
            <DistClean command="/usr/bin/make -f &quot;/home/cfang/walkman/external/GazeboYARPPlugins/Makefile&quot;  VERBOSE=1 clean" />
         </MakeCommands>
      </Target>
      <Target title="install/strip">
         <Option working_dir="/home/cfang/walkman/external/GazeboYARPPlugins" />
         <Option type="4" />
         <MakeCommands>
            <Build command="/usr/bin/make -f &quot;/home/cfang/walkman/external/GazeboYARPPlugins/Makefile&quot;  VERBOSE=1 install/strip" />
            <CompileFile command="/usr/bin/make -f &quot;/home/cfang/walkman/external/GazeboYARPPlugins/Makefile&quot;  VERBOSE=1 &quot;$file&quot;" />
            <Clean command="/usr/bin/make -f &quot;/home/cfang/walkman/external/GazeboYARPPlugins/Makefile&quot;  VERBOSE=1 clean" />
            <DistClean command="/usr/bin/make -f &quot;/home/cfang/walkman/external/GazeboYARPPlugins/Makefile&quot;  VERBOSE=1 clean" />
         </MakeCommands>
      </Target>
      <Target title="list_install_components">
         <Option working_dir="/home/cfang/walkman/external/GazeboYARPPlugins" />
         <Option type="4" />
         <MakeCommands>
            <Build command="/usr/bin/make -f &quot;/home/cfang/walkman/external/GazeboYARPPlugins/Makefile&quot;  VERBOSE=1 list_install_components" />
            <CompileFile command="/usr/bin/make -f &quot;/home/cfang/walkman/external/GazeboYARPPlugins/Makefile&quot;  VERBOSE=1 &quot;$file&quot;" />
            <Clean command="/usr/bin/make -f &quot;/home/cfang/walkman/external/GazeboYARPPlugins/Makefile&quot;  VERBOSE=1 clean" />
            <DistClean command="/usr/bin/make -f &quot;/home/cfang/walkman/external/GazeboYARPPlugins/Makefile&quot;  VERBOSE=1 clean" />
         </MakeCommands>
      </Target>
      <Target title="rebuild_cache">
         <Option working_dir="/home/cfang/walkman/external/GazeboYARPPlugins" />
         <Option type="4" />
         <MakeCommands>
            <Build command="/usr/bin/make -f &quot;/home/cfang/walkman/external/GazeboYARPPlugins/Makefile&quot;  VERBOSE=1 rebuild_cache" />
            <CompileFile command="/usr/bin/make -f &quot;/home/cfang/walkman/external/GazeboYARPPlugins/Makefile&quot;  VERBOSE=1 &quot;$file&quot;" />
            <Clean command="/usr/bin/make -f &quot;/home/cfang/walkman/external/GazeboYARPPlugins/Makefile&quot;  VERBOSE=1 clean" />
            <DistClean command="/usr/bin/make -f &quot;/home/cfang/walkman/external/GazeboYARPPlugins/Makefile&quot;  VERBOSE=1 clean" />
         </MakeCommands>
      </Target>
      <Target title="thrift_objects_rpc_thrift">
         <Option working_dir="/home/cfang/walkman/external/GazeboYARPPlugins" />
         <Option type="4" />
         <MakeCommands>
            <Build command="/usr/bin/make -f &quot;/home/cfang/walkman/external/GazeboYARPPlugins/Makefile&quot;  VERBOSE=1 thrift_objects_rpc_thrift" />
            <CompileFile command="/usr/bin/make -f &quot;/home/cfang/walkman/external/GazeboYARPPlugins/Makefile&quot;  VERBOSE=1 &quot;$file&quot;" />
            <Clean command="/usr/bin/make -f &quot;/home/cfang/walkman/external/GazeboYARPPlugins/Makefile&quot;  VERBOSE=1 clean" />
            <DistClean command="/usr/bin/make -f &quot;/home/cfang/walkman/external/GazeboYARPPlugins/Makefile&quot;  VERBOSE=1 clean" />
         </MakeCommands>
      </Target>
      <Target title="uninstall">
         <Option working_dir="/home/cfang/walkman/external/GazeboYARPPlugins" />
         <Option type="4" />
         <MakeCommands>
            <Build command="/usr/bin/make -f &quot;/home/cfang/walkman/external/GazeboYARPPlugins/Makefile&quot;  VERBOSE=1 uninstall" />
            <CompileFile command="/usr/bin/make -f &quot;/home/cfang/walkman/external/GazeboYARPPlugins/Makefile&quot;  VERBOSE=1 &quot;$file&quot;" />
            <Clean command="/usr/bin/make -f &quot;/home/cfang/walkman/external/GazeboYARPPlugins/Makefile&quot;  VERBOSE=1 clean" />
            <DistClean command="/usr/bin/make -f &quot;/home/cfang/walkman/external/GazeboYARPPlugins/Makefile&quot;  VERBOSE=1 clean" />
         </MakeCommands>
      </Target>
      </Build>
      <Unit filename="/home/cfang/walkman/external/GazeboYARPPlugins/src/gazebo_plugins/ApplyExternalWrench.cc">
      </Unit>
      <Unit filename="/home/cfang/walkman/external/GazeboYARPPlugins/src/gazebo_plugins/Camera.cc">
      </Unit>
      <Unit filename="/home/cfang/walkman/external/GazeboYARPPlugins/src/gazebo_plugins/Clock.cc">
      </Unit>
      <Unit filename="/home/cfang/walkman/external/GazeboYARPPlugins/src/gazebo_plugins/ControlBoard.cc">
      </Unit>
      <Unit filename="/home/cfang/walkman/external/GazeboYARPPlugins/src/gazebo_plugins/ForceTorque.cc">
      </Unit>
      <Unit filename="/home/cfang/walkman/external/GazeboYARPPlugins/src/gazebo_plugins/Handler.cc">
      </Unit>
      <Unit filename="/home/cfang/walkman/external/GazeboYARPPlugins/src/gazebo_plugins/IMU.cc">
      </Unit>
      <Unit filename="/home/cfang/walkman/external/GazeboYARPPlugins/src/gazebo_plugins/JointSensors.cc">
      </Unit>
      <Unit filename="/home/cfang/walkman/external/GazeboYARPPlugins/src/gazebo_plugins/Objects.cc">
      </Unit>
      <Unit filename="/home/cfang/walkman/external/GazeboYARPPlugins/src/gazebo_plugins/ObjectsServerImpl.cpp">
      </Unit>
      <Unit filename="/home/cfang/walkman/external/GazeboYARPPlugins/src/yarp_drivers/CameraDriver.cpp">
      </Unit>
      <Unit filename="/home/cfang/walkman/external/GazeboYARPPlugins/src/yarp_drivers/ControlBoardDriver.cpp">
      </Unit>
      <Unit filename="/home/cfang/walkman/external/GazeboYARPPlugins/src/yarp_drivers/ControlBoardDriverControlMode.cpp">
      </Unit>
      <Unit filename="/home/cfang/walkman/external/GazeboYARPPlugins/src/yarp_drivers/ControlBoardDriverDeviceDriver.cpp">
      </Unit>
      <Unit filename="/home/cfang/walkman/external/GazeboYARPPlugins/src/yarp_drivers/ControlBoardDriverEncoders.cpp">
      </Unit>
      <Unit filename="/home/cfang/walkman/external/GazeboYARPPlugins/src/yarp_drivers/ControlBoardDriverImpedancePositionControl.cpp">
      </Unit>
      <Unit filename="/home/cfang/walkman/external/GazeboYARPPlugins/src/yarp_drivers/ControlBoardDriverInteractionMode.cpp">
      </Unit>
      <Unit filename="/home/cfang/walkman/external/GazeboYARPPlugins/src/yarp_drivers/ControlBoardDriverOpenLoop.cpp">
      </Unit>
      <Unit filename="/home/cfang/walkman/external/GazeboYARPPlugins/src/yarp_drivers/ControlBoardDriverOthers.cpp">
      </Unit>
      <Unit filename="/home/cfang/walkman/external/GazeboYARPPlugins/src/yarp_drivers/ControlBoardDriverPidControl.cpp">
      </Unit>
      <Unit filename="/home/cfang/walkman/external/GazeboYARPPlugins/src/yarp_drivers/ControlBoardDriverPositionControl.cpp">
      </Unit>
      <Unit filename="/home/cfang/walkman/external/GazeboYARPPlugins/src/yarp_drivers/ControlBoardDriverVelocityControl.cpp">
      </Unit>
      <Unit filename="/home/cfang/walkman/external/GazeboYARPPlugins/src/yarp_drivers/ControlBoardTorqueDriverControl.cpp">
      </Unit>
      <Unit filename="/home/cfang/walkman/external/GazeboYARPPlugins/src/yarp_drivers/ForceTorqueDriver.cpp">
      </Unit>
      <Unit filename="/home/cfang/walkman/external/GazeboYARPPlugins/src/yarp_drivers/IMUDriver.cpp">
      </Unit>
      <Unit filename="/home/cfang/walkman/external/GazeboYARPPlugins/src/yarp_drivers/JointSensorsDriver.cpp">
      </Unit>
      <Unit filename="/home/cfang/walkman/external/GazeboYARPPlugins/include/gazebo_yarp_plugins/ApplyExternalWrench.hh">
      </Unit>
      <Unit filename="/home/cfang/walkman/external/GazeboYARPPlugins/include/gazebo_yarp_plugins/Camera.hh">
      </Unit>
      <Unit filename="/home/cfang/walkman/external/GazeboYARPPlugins/include/gazebo_yarp_plugins/CameraDriver.h">
      </Unit>
      <Unit filename="/home/cfang/walkman/external/GazeboYARPPlugins/include/gazebo_yarp_plugins/Clock.hh">
      </Unit>
      <Unit filename="/home/cfang/walkman/external/GazeboYARPPlugins/include/gazebo_yarp_plugins/ControlBoard.hh">
      </Unit>
      <Unit filename="/home/cfang/walkman/external/GazeboYARPPlugins/include/gazebo_yarp_plugins/ControlBoardDriver.h">
      </Unit>
      <Unit filename="/home/cfang/walkman/external/GazeboYARPPlugins/include/gazebo_yarp_plugins/ForceTorque.hh">
      </Unit>
      <Unit filename="/home/cfang/walkman/external/GazeboYARPPlugins/include/gazebo_yarp_plugins/ForceTorqueDriver.h">
      </Unit>
      <Unit filename="/home/cfang/walkman/external/GazeboYARPPlugins/include/gazebo_yarp_plugins/Handler.hh">
      </Unit>
      <Unit filename="/home/cfang/walkman/external/GazeboYARPPlugins/include/gazebo_yarp_plugins/IMU.hh">
      </Unit>
      <Unit filename="/home/cfang/walkman/external/GazeboYARPPlugins/include/gazebo_yarp_plugins/IMUDriver.h">
      </Unit>
      <Unit filename="/home/cfang/walkman/external/GazeboYARPPlugins/include/gazebo_yarp_plugins/JointSensors.hh">
      </Unit>
      <Unit filename="/home/cfang/walkman/external/GazeboYARPPlugins/include/gazebo_yarp_plugins/JointSensorsDriver.h">
      </Unit>
      <Unit filename="/home/cfang/walkman/external/GazeboYARPPlugins/include/gazebo_yarp_plugins/Objects.hh">
      </Unit>
      <Unit filename="/home/cfang/walkman/external/GazeboYARPPlugins/include/gazebo_yarp_plugins/ObjectsServerImpl.h">
      </Unit>
      <Unit filename="/home/cfang/walkman/external/GazeboYARPPlugins/CMakeLists.txt">
          <Option virtualFolder="CMake Files\" />
      </Unit>
      <Unit filename="/home/cfang/walkman/external/GazeboYARPPlugins/../../build/install/lib/YARP/YARPConfigVersion.cmake">
          <Option virtualFolder="CMake Files\..\..\build\install\lib\YARP\" />
      </Unit>
      <Unit filename="/home/cfang/walkman/external/GazeboYARPPlugins/../../build/install/lib/YARP/YARPConfig.cmake">
          <Option virtualFolder="CMake Files\..\..\build\install\lib\YARP\" />
      </Unit>
      <Unit filename="/home/cfang/walkman/external/GazeboYARPPlugins/../../build/install/lib/YARP/YARPTargets.cmake">
          <Option virtualFolder="CMake Files\..\..\build\install\lib\YARP\" />
      </Unit>
      <Unit filename="/home/cfang/walkman/external/GazeboYARPPlugins/../../build/install/lib/YARP/YARPTargets-release.cmake">
          <Option virtualFolder="CMake Files\..\..\build\install\lib\YARP\" />
      </Unit>
      <Unit filename="/home/cfang/walkman/external/GazeboYARPPlugins/../../build/install/share/yarp/cmake/YarpIDL.cmake">
          <Option virtualFolder="CMake Files\..\..\build\install\share\yarp\cmake\" />
      </Unit>
      <Unit filename="/home/cfang/walkman/external/GazeboYARPPlugins/../../build/install/share/yarp/cmake/template/placeGeneratedYarpIdlFiles.cmake.in">
          <Option virtualFolder="CMake Files\..\..\build\install\share\yarp\cmake\template\" />
      </Unit>
      <Unit filename="/home/cfang/walkman/external/GazeboYARPPlugins/../../../../../usr/lib/x86_64-linux-gnu/cmake/gazebo/gazebo-config.cmake">
          <Option virtualFolder="CMake Files\..\..\..\..\..\usr\lib\x86_64-linux-gnu\cmake\gazebo\" />
      </Unit>
      <Unit filename="/home/cfang/walkman/external/GazeboYARPPlugins/../../../../../usr/lib/x86_64-linux-gnu/cmake/sdformat/SDFormatConfigVersion.cmake">
          <Option virtualFolder="CMake Files\..\..\..\..\..\usr\lib\x86_64-linux-gnu\cmake\sdformat\" />
      </Unit>
      <Unit filename="/home/cfang/walkman/external/GazeboYARPPlugins/../../../../../usr/lib/x86_64-linux-gnu/cmake/sdformat/SDFormatConfig.cmake">
          <Option virtualFolder="CMake Files\..\..\..\..\..\usr\lib\x86_64-linux-gnu\cmake\sdformat\" />
      </Unit>
      <Unit filename="/home/cfang/walkman/external/GazeboYARPPlugins/cmake/AddDebugMacro.cmake">
          <Option virtualFolder="CMake Files\cmake\" />
      </Unit>
      <Unit filename="/home/cfang/walkman/external/GazeboYARPPlugins/cmake/AddDebugWarnings.cmake">
          <Option virtualFolder="CMake Files\cmake\" />
      </Unit>
      <Unit filename="/home/cfang/walkman/external/GazeboYARPPlugins/cmake/AddUninstallTarget.cmake">
          <Option virtualFolder="CMake Files\cmake\" />
      </Unit>
      <Unit filename="/home/cfang/walkman/external/GazeboYARPPlugins/autogenerated/thrift_objects_rpc_thrift.cmake">
          <Option virtualFolder="CMake Files\autogenerated\" />
      </Unit>
   </Project>
</CodeBlocks_project_file>
